{
  "name": "datepickerhtml",
  "version": "1.0.13",
  "lockfileVersion": 3,
  "requires": true,
  "packages": {
    "": {
      "name": "datepickerhtml",
      "version": "1.0.13",
      "license": "ISC",
      "dependencies": {
        "datepickerhtml": "^1.0.5"
      },
      "engines": {
        "node": "^16.17.0 || ^18.16.0"
      }
    },
    "node_modules/datepickerhtml": {
      "version": "1.0.5",
      "resolved": "https://registry.npmjs.org/datepickerhtml/-/datepickerhtml-1.0.5.tgz",
      "integrity": "sha512-/IZKjm+4pxpWPjsYsDoNrvxyJ6eDKsMFvU2dDe2/5y4pyFFXpRcbiKJ+mV7t35JLYKhJdzgpflg0Q/WYKNuZPQ==",
      "engines": {
        "node": "^16.17.0 || ^18.16.0"
      }
    }
  }
}
